// !$*UTF8*$!
{
	archiveVersion = 1;
	classes = {
	};
	objectVersion = 77;
	objects = {

/* Begin PBXBuildFile section */
		0028F77C2F2A2D8500DA10DD /* CHANGES_SUMMARY.md in Resources */ = {isa = PBXBuildFile; fileRef = 0028F77B2F2A2D8500DA10DD /* CHANGES_SUMMARY.md */; };
		0028F77E2F2A2DAF00DA10DD /* BLE_PROTOCOL_REFERENCE.md in Resources */ = {isa = PBXBuildFile; fileRef = 0028F77D2F2A2DAF00DA10DD /* BLE_PROTOCOL_REFERENCE.md */; };
		0028F7802F2A2DD200DA10DD /* UI_LAYOUT_GUIDE.md in Resources */ = {isa = PBXBuildFile; fileRef = 0028F77F2F2A2DD200DA10DD /* UI_LAYOUT_GUIDE.md */; };
		0028F7822F2A2E0500DA10DD /* IMPLEMENTATION_COMPLETE.md in Resources */ = {isa = PBXBuildFile; fileRef = 0028F7812F2A2E0500DA10DD /* IMPLEMENTATION_COMPLETE.md */; };
		0028F7842F2A2E3E00DA10DD /* UI_VISUAL_REFERENCE.md in Resources */ = {isa = PBXBuildFile; fileRef = 0028F7832F2A2E3E00DA10DD /* UI_VISUAL_REFERENCE.md */; };
		003C16D52F262A1B00AFA4EE /* 42 Decibels Watch App Watch App.app in Embed Watch Content */ = {isa = PBXBuildFile; fileRef = 003C16CB2F262A1A00AFA4EE /* 42 Decibels Watch App Watch App.app */; settings = {ATTRIBUTES = (RemoveHeadersOnCopy, ); }; };
		006F2E7A2F24BE0300AB083D /* WIFI_DETECTION_SETUP.md in Resources */ = {isa = PBXBuildFile; fileRef = 006F2E792F24BE0300AB083D /* WIFI_DETECTION_SETUP.md */; };
		006F2E7C2F24BE1800AB083D /* WIFI_DETECTION_FLOW.md in Resources */ = {isa = PBXBuildFile; fileRef = 006F2E7B2F24BE1800AB083D /* WIFI_DETECTION_FLOW.md */; };
		007216272F2A3BF200A838D7 /* WatchConnectivityManager.swift in Sources */ = {isa = PBXBuildFile; fileRef = 007216262F2A3BF200A838D7 /* WatchConnectivityManager.swift */; };
		007216292F2A3CD700A838D7 /* HYBRID_WATCH_SETUP.md in Resources */ = {isa = PBXBuildFile; fileRef = 007216282F2A3CD700A838D7 /* HYBRID_WATCH_SETUP.md */; };
		0072162B2F2A3D1200A838D7 /* HYBRID_WATCH_QUICK_REF.md in Resources */ = {isa = PBXBuildFile; fileRef = 0072162A2F2A3D1200A838D7 /* HYBRID_WATCH_QUICK_REF.md */; };
		0072162D2F2A3D4A00A838D7 /* HYBRID_WATCH_MIGRATION.md in Resources */ = {isa = PBXBuildFile; fileRef = 0072162C2F2A3D4A00A838D7 /* HYBRID_WATCH_MIGRATION.md */; };
		0072162F2F2A3D9100A838D7 /* HYBRID_WATCH_SUMMARY.md in Resources */ = {isa = PBXBuildFile; fileRef = 0072162E2F2A3D9100A838D7 /* HYBRID_WATCH_SUMMARY.md */; };
		007216312F2A3DE800A838D7 /* HYBRID_WATCH_FLOWS.md in Resources */ = {isa = PBXBuildFile; fileRef = 007216302F2A3DE800A838D7 /* HYBRID_WATCH_FLOWS.md */; };
		007216332F2A3E3700A838D7 /* HYBRID_WATCH_CHECKLIST.md in Resources */ = {isa = PBXBuildFile; fileRef = 007216322F2A3E3700A838D7 /* HYBRID_WATCH_CHECKLIST.md */; };
		007216342F2A401F00A838D7 /* WatchConnectivityManager.swift in Sources */ = {isa = PBXBuildFile; fileRef = 007216262F2A3BF200A838D7 /* WatchConnectivityManager.swift */; };
/* End PBXBuildFile section */

/* Begin PBXContainerItemProxy section */
		003C16D32F262A1B00AFA4EE /* PBXContainerItemProxy */ = {
			isa = PBXContainerItemProxy;
			containerPortal = 00C0C16B2F20DA5F0013A7C7 /* Project object */;
			proxyType = 1;
			remoteGlobalIDString = 003C16CA2F262A1A00AFA4EE;
			remoteInfo = "42 Decibels Watch App Watch App";
		};
/* End PBXContainerItemProxy section */

/* Begin PBXCopyFilesBuildPhase section */
		003C16D92F262A1B00AFA4EE /* Embed Watch Content */ = {
			isa = PBXCopyFilesBuildPhase;
			buildActionMask = 2147483647;
			dstPath = "$(CONTENTS_FOLDER_PATH)/Watch";
			dstSubfolderSpec = 16;
			files = (
				003C16D52F262A1B00AFA4EE /* 42 Decibels Watch App Watch App.app in Embed Watch Content */,
			);
			name = "Embed Watch Content";
			runOnlyForDeploymentPostprocessing = 0;
		};
/* End PBXCopyFilesBuildPhase section */

/* Begin PBXFileReference section */
		0028F77B2F2A2D8500DA10DD /* CHANGES_SUMMARY.md */ = {isa = PBXFileReference; lastKnownFileType = net.daringfireball.markdown; path = CHANGES_SUMMARY.md; sourceTree = "<group>"; };
		0028F77D2F2A2DAF00DA10DD /* BLE_PROTOCOL_REFERENCE.md */ = {isa = PBXFileReference; lastKnownFileType = net.daringfireball.markdown; path = BLE_PROTOCOL_REFERENCE.md; sourceTree = "<group>"; };
		0028F77F2F2A2DD200DA10DD /* UI_LAYOUT_GUIDE.md */ = {isa = PBXFileReference; lastKnownFileType = net.daringfireball.markdown; path = UI_LAYOUT_GUIDE.md; sourceTree = "<group>"; };
		0028F7812F2A2E0500DA10DD /* IMPLEMENTATION_COMPLETE.md */ = {isa = PBXFileReference; lastKnownFileType = net.daringfireball.markdown; path = IMPLEMENTATION_COMPLETE.md; sourceTree = "<group>"; };
		0028F7832F2A2E3E00DA10DD /* UI_VISUAL_REFERENCE.md */ = {isa = PBXFileReference; lastKnownFileType = net.daringfireball.markdown; path = UI_VISUAL_REFERENCE.md; sourceTree = "<group>"; };
		003C16CB2F262A1A00AFA4EE /* 42 Decibels Watch App Watch App.app */ = {isa = PBXFileReference; explicitFileType = wrapper.application; includeInIndex = 0; path = "42 Decibels Watch App Watch App.app"; sourceTree = BUILT_PRODUCTS_DIR; };
		006F2E792F24BE0300AB083D /* WIFI_DETECTION_SETUP.md */ = {isa = PBXFileReference; lastKnownFileType = net.daringfireball.markdown; path = WIFI_DETECTION_SETUP.md; sourceTree = "<group>"; };
		006F2E7B2F24BE1800AB083D /* WIFI_DETECTION_FLOW.md */ = {isa = PBXFileReference; lastKnownFileType = net.daringfireball.markdown; path = WIFI_DETECTION_FLOW.md; sourceTree = "<group>"; };
		007216262F2A3BF200A838D7 /* WatchConnectivityManager.swift */ = {isa = PBXFileReference; lastKnownFileType = sourcecode.swift; path = WatchConnectivityManager.swift; sourceTree = "<group>"; };
		007216282F2A3CD700A838D7 /* HYBRID_WATCH_SETUP.md */ = {isa = PBXFileReference; lastKnownFileType = net.daringfireball.markdown; path = HYBRID_WATCH_SETUP.md; sourceTree = "<group>"; };
		0072162A2F2A3D1200A838D7 /* HYBRID_WATCH_QUICK_REF.md */ = {isa = PBXFileReference; lastKnownFileType = net.daringfireball.markdown; path = HYBRID_WATCH_QUICK_REF.md; sourceTree = "<group>"; };
		0072162C2F2A3D4A00A838D7 /* HYBRID_WATCH_MIGRATION.md */ = {isa = PBXFileReference; lastKnownFileType = net.daringfireball.markdown; path = HYBRID_WATCH_MIGRATION.md; sourceTree = "<group>"; };
		0072162E2F2A3D9100A838D7 /* HYBRID_WATCH_SUMMARY.md */ = {isa = PBXFileReference; lastKnownFileType = net.daringfireball.markdown; path = HYBRID_WATCH_SUMMARY.md; sourceTree = "<group>"; };
		007216302F2A3DE800A838D7 /* HYBRID_WATCH_FLOWS.md */ = {isa = PBXFileReference; lastKnownFileType = net.daringfireball.markdown; path = HYBRID_WATCH_FLOWS.md; sourceTree = "<group>"; };
		007216322F2A3E3700A838D7 /* HYBRID_WATCH_CHECKLIST.md */ = {isa = PBXFileReference; lastKnownFileType = net.daringfireball.markdown; path = HYBRID_WATCH_CHECKLIST.md; sourceTree = "<group>"; };
		00C0C1732F20DA5F0013A7C7 /* 42 Decibels.app */ = {isa = PBXFileReference; explicitFileType = wrapper.application; includeInIndex = 0; path = "42 Decibels.app"; sourceTree = BUILT_PRODUCTS_DIR; };
/* End PBXFileReference section */

/* Begin PBXFileSystemSynchronizedBuildFileExceptionSet section */
		0031BDE72F2633FF00DD6BED /* Exceptions for "42 Decibels" folder in "42 Decibels Watch App Watch App" target */ = {
			isa = PBXFileSystemSynchronizedBuildFileExceptionSet;
			membershipExceptions = (
				BluetoothManager.swift,
			);
			target = 003C16CA2F262A1A00AFA4EE /* 42 Decibels Watch App Watch App */;
		};
/* End PBXFileSystemSynchronizedBuildFileExceptionSet section */

/* Begin PBXFileSystemSynchronizedRootGroup section */
		003C16CC2F262A1A00AFA4EE /* 42 Decibels Watch App Watch App */ = {
			isa = PBXFileSystemSynchronizedRootGroup;
			path = "42 Decibels Watch App Watch App";
			sourceTree = "<group>";
		};
		00C0C1752F20DA5F0013A7C7 /* 42 Decibels */ = {
			isa = PBXFileSystemSynchronizedRootGroup;
			exceptions = (
				0031BDE72F2633FF00DD6BED /* Exceptions for "42 Decibels" folder in "42 Decibels Watch App Watch App" target */,
			);
			path = "42 Decibels";
			sourceTree = "<group>";
		};
/* End PBXFileSystemSynchronizedRootGroup section */

/* Begin PBXFrameworksBuildPhase section */
		003C16C82F262A1A00AFA4EE /* Frameworks */ = {
			isa = PBXFrameworksBuildPhase;
			buildActionMask = 2147483647;
			files = (
			);
			runOnlyForDeploymentPostprocessing = 0;
		};
		00C0C1702F20DA5F0013A7C7 /* Frameworks */ = {
			isa = PBXFrameworksBuildPhase;
			buildActionMask = 2147483647;
			files = (
			);
			runOnlyForDeploymentPostprocessing = 0;
		};
/* End PBXFrameworksBuildPhase section */

/* Begin PBXGroup section */
		00C0C16A2F20DA5F0013A7C7 = {
			isa = PBXGroup;
			children = (
				00C0C1752F20DA5F0013A7C7 /* 42 Decibels */,
				003C16CC2F262A1A00AFA4EE /* 42 Decibels Watch App Watch App */,
				00C0C1742F20DA5F0013A7C7 /* Products */,
				006F2E792F24BE0300AB083D /* WIFI_DETECTION_SETUP.md */,
				006F2E7B2F24BE1800AB083D /* WIFI_DETECTION_FLOW.md */,
				0028F77B2F2A2D8500DA10DD /* CHANGES_SUMMARY.md */,
				0028F77D2F2A2DAF00DA10DD /* BLE_PROTOCOL_REFERENCE.md */,
				0028F77F2F2A2DD200DA10DD /* UI_LAYOUT_GUIDE.md */,
				0028F7812F2A2E0500DA10DD /* IMPLEMENTATION_COMPLETE.md */,
				0028F7832F2A2E3E00DA10DD /* UI_VISUAL_REFERENCE.md */,
				007216262F2A3BF200A838D7 /* WatchConnectivityManager.swift */,
				007216282F2A3CD700A838D7 /* HYBRID_WATCH_SETUP.md */,
				0072162A2F2A3D1200A838D7 /* HYBRID_WATCH_QUICK_REF.md */,
				0072162C2F2A3D4A00A838D7 /* HYBRID_WATCH_MIGRATION.md */,
				0072162E2F2A3D9100A838D7 /* HYBRID_WATCH_SUMMARY.md */,
				007216302F2A3DE800A838D7 /* HYBRID_WATCH_FLOWS.md */,
				007216322F2A3E3700A838D7 /* HYBRID_WATCH_CHECKLIST.md */,
			);
			sourceTree = "<group>";
		};
		00C0C1742F20DA5F0013A7C7 /* Products */ = {
			isa = PBXGroup;
			children = (
				00C0C1732F20DA5F0013A7C7 /* 42 Decibels.app */,
				003C16CB2F262A1A00AFA4EE /* 42 Decibels Watch App Watch App.app */,
			);
			name = Products;
			sourceTree = "<group>";
		};
/* End PBXGroup section */

/* Begin PBXNativeTarget section */
		003C16CA2F262A1A00AFA4EE /* 42 Decibels Watch App Watch App */ = {
			isa = PBXNativeTarget;
			buildConfigurationList = 003C16D62F262A1B00AFA4EE /* Build configuration list for PBXNativeTarget "42 Decibels Watch App Watch App" */;
			buildPhases = (
				003C16C72F262A1A00AFA4EE /* Sources */,
				003C16C82F262A1A00AFA4EE /* Frameworks */,
				003C16C92F262A1A00AFA4EE /* Resources */,
			);
			buildRules = (
			);
			dependencies = (
			);
			fileSystemSynchronizedGroups = (
				003C16CC2F262A1A00AFA4EE /* 42 Decibels Watch App Watch App */,
			);
			name = "42 Decibels Watch App Watch App";
			packageProductDependencies = (
			);
			productName = "42 Decibels Watch App Watch App";
			productReference = 003C16CB2F262A1A00AFA4EE /* 42 Decibels Watch App Watch App.app */;
			productType = "com.apple.product-type.application";
		};
		00C0C1722F20DA5F0013A7C7 /* 42 Decibels */ = {
			isa = PBXNativeTarget;
			buildConfigurationList = 00C0C17E2F20DA600013A7C7 /* Build configuration list for PBXNativeTarget "42 Decibels" */;
			buildPhases = (
				00C0C16F2F20DA5F0013A7C7 /* Sources */,
				00C0C1702F20DA5F0013A7C7 /* Frameworks */,
				00C0C1712F20DA5F0013A7C7 /* Resources */,
				003C16D92F262A1B00AFA4EE /* Embed Watch Content */,
			);
			buildRules = (
			);
			dependencies = (
				003C16D42F262A1B00AFA4EE /* PBXTargetDependency */,
			);
			fileSystemSynchronizedGroups = (
				00C0C1752F20DA5F0013A7C7 /* 42 Decibels */,
			);
			name = "42 Decibels";
			packageProductDependencies = (
			);
			productName = "42 Decibels";
			productReference = 00C0C1732F20DA5F0013A7C7 /* 42 Decibels.app */;
			productType = "com.apple.product-type.application";
		};
/* End PBXNativeTarget section */

/* Begin PBXProject section */
		00C0C16B2F20DA5F0013A7C7 /* Project object */ = {
			isa = PBXProject;
			attributes = {
				BuildIndependentTargetsInParallel = 1;
				LastSwiftUpdateCheck = 2620;
				LastUpgradeCheck = 2620;
				TargetAttributes = {
					003C16CA2F262A1A00AFA4EE = {
						CreatedOnToolsVersion = 26.2;
					};
					00C0C1722F20DA5F0013A7C7 = {
						CreatedOnToolsVersion = 26.2;
					};
				};
			};
			buildConfigurationList = 00C0C16E2F20DA5F0013A7C7 /* Build configuration list for PBXProject "42 Decibels" */;
			developmentRegion = en;
			hasScannedForEncodings = 0;
			knownRegions = (
				en,
				Base,
			);
			mainGroup = 00C0C16A2F20DA5F0013A7C7;
			minimizedProjectReferenceProxies = 1;
			preferredProjectObjectVersion = 77;
			productRefGroup = 00C0C1742F20DA5F0013A7C7 /* Products */;
			projectDirPath = "";
			projectRoot = "";
			targets = (
				00C0C1722F20DA5F0013A7C7 /* 42 Decibels */,
				003C16CA2F262A1A00AFA4EE /* 42 Decibels Watch App Watch App */,
			);
		};
/* End PBXProject section */

/* Begin PBXResourcesBuildPhase section */
		003C16C92F262A1A00AFA4EE /* Resources */ = {
			isa = PBXResourcesBuildPhase;
			buildActionMask = 2147483647;
			files = (
			);
			runOnlyForDeploymentPostprocessing = 0;
		};
		00C0C1712F20DA5F0013A7C7 /* Resources */ = {
			isa = PBXResourcesBuildPhase;
			buildActionMask = 2147483647;
			files = (
				0028F7842F2A2E3E00DA10DD /* UI_VISUAL_REFERENCE.md in Resources */,
				0028F7802F2A2DD200DA10DD /* UI_LAYOUT_GUIDE.md in Resources */,
				0028F77C2F2A2D8500DA10DD /* CHANGES_SUMMARY.md in Resources */,
				0028F7822F2A2E0500DA10DD /* IMPLEMENTATION_COMPLETE.md in Resources */,
				0072162D2F2A3D4A00A838D7 /* HYBRID_WATCH_MIGRATION.md in Resources */,
				006F2E7C2F24BE1800AB083D /* WIFI_DETECTION_FLOW.md in Resources */,
				0028F77E2F2A2DAF00DA10DD /* BLE_PROTOCOL_REFERENCE.md in Resources */,
				006F2E7A2F24BE0300AB083D /* WIFI_DETECTION_SETUP.md in Resources */,
				007216332F2A3E3700A838D7 /* HYBRID_WATCH_CHECKLIST.md in Resources */,
				0072162F2F2A3D9100A838D7 /* HYBRID_WATCH_SUMMARY.md in Resources */,
				0072162B2F2A3D1200A838D7 /* HYBRID_WATCH_QUICK_REF.md in Resources */,
				007216312F2A3DE800A838D7 /* HYBRID_WATCH_FLOWS.md in Resources */,
				007216292F2A3CD700A838D7 /* HYBRID_WATCH_SETUP.md in Resources */,
			);
			runOnlyForDeploymentPostprocessing = 0;
		};
/* End PBXResourcesBuildPhase section */

/* Begin PBXSourcesBuildPhase section */
		003C16C72F262A1A00AFA4EE /* Sources */ = {
			isa = PBXSourcesBuildPhase;
			buildActionMask = 2147483647;
			files = (
				007216342F2A401F00A838D7 /* WatchConnectivityManager.swift in Sources */,
			);
			runOnlyForDeploymentPostprocessing = 0;
		};
		00C0C16F2F20DA5F0013A7C7 /* Sources */ = {
			isa = PBXSourcesBuildPhase;
			buildActionMask = 2147483647;
			files = (
				007216272F2A3BF200A838D7 /* WatchConnectivityManager.swift in Sources */,
			);
			runOnlyForDeploymentPostprocessing = 0;
		};
/* End PBXSourcesBuildPhase section */

/* Begin PBXTargetDependency section */
		003C16D42F262A1B00AFA4EE /* PBXTargetDependency */ = {
			isa = PBXTargetDependency;
			target = 003C16CA2F262A1A00AFA4EE /* 42 Decibels Watch App Watch App */;
			targetProxy = 003C16D32F262A1B00AFA4EE /* PBXContainerItemProxy */;
		};
/* End PBXTargetDependency section */

/* Begin XCBuildConfiguration section */
		003C16D72F262A1B00AFA4EE /* Debug */ = {
			isa = XCBuildConfiguration;
			buildSettings = {
				ASSETCATALOG_COMPILER_APPICON_NAME = AppIcon;
				ASSETCATALOG_COMPILER_GLOBAL_ACCENT_COLOR_NAME = AccentColor;
				CODE_SIGN_IDENTITY = "Apple Development";
				CODE_SIGN_STYLE = Automatic;
				CURRENT_PROJECT_VERSION = 4;
				DEVELOPMENT_TEAM = GH29Q74PV6;
				ENABLE_PREVIEWS = YES;
				GENERATE_INFOPLIST_FILE = YES;
				INFOPLIST_KEY_CFBundleDisplayName = "42 Decibels Watch App";
				INFOPLIST_KEY_NSBluetoothAlwaysUsageDescription = "42 Decibels needs Bluetooth to connect to and control your speaker";
				INFOPLIST_KEY_UISupportedInterfaceOrientations = "UIInterfaceOrientationPortrait UIInterfaceOrientationPortraitUpsideDown";
				INFOPLIST_KEY_WKCompanionAppBundleIdentifier = eu.chaoticvolt.42Decibels;
				LD_RUNPATH_SEARCH_PATHS = (
					"$(inherited)",
					"@executable_path/Frameworks",
				);
				MARKETING_VERSION = 1.2.2;
				PRODUCT_BUNDLE_IDENTIFIER = eu.chaoticvolt.42Decibels.watchkitapp;
				PRODUCT_NAME = "$(TARGET_NAME)";
				SDKROOT = watchos;
				SKIP_INSTALL = YES;
				STRING_CATALOG_GENERATE_SYMBOLS = YES;
				SWIFT_APPROACHABLE_CONCURRENCY = YES;
				SWIFT_DEFAULT_ACTOR_ISOLATION = MainActor;
				SWIFT_EMIT_LOC_STRINGS = YES;
				SWIFT_UPCOMING_FEATURE_MEMBER_IMPORT_VISIBILITY = YES;
				SWIFT_VERSION = 5.0;
				TARGETED_DEVICE_FAMILY = 4;
				WATCHOS_DEPLOYMENT_TARGET = 10.6;
			};
			name = Debug;
		};
		003C16D82F262A1B00AFA4EE /* Release */ = {
			isa = XCBuildConfiguration;
			buildSettings = {
				ASSETCATALOG_COMPILER_APPICON_NAME = AppIcon;
				ASSETCATALOG_COMPILER_GLOBAL_ACCENT_COLOR_NAME = AccentColor;
				CODE_SIGN_IDENTITY = "Apple Development";
				CODE_SIGN_STYLE = Automatic;
				CURRENT_PROJECT_VERSION = 4;
				DEVELOPMENT_TEAM = GH29Q74PV6;
				ENABLE_PREVIEWS = YES;
				GENERATE_INFOPLIST_FILE = YES;
				INFOPLIST_KEY_CFBundleDisplayName = "42 Decibels Watch App";
				INFOPLIST_KEY_NSBluetoothAlwaysUsageDescription = "42 Decibels needs Bluetooth to connect to and control your speaker";
				INFOPLIST_KEY_UISupportedInterfaceOrientations = "UIInterfaceOrientationPortrait UIInterfaceOrientationPortraitUpsideDown";
				INFOPLIST_KEY_WKCompanionAppBundleIdentifier = eu.chaoticvolt.42Decibels;
				LD_RUNPATH_SEARCH_PATHS = (
					"$(inherited)",
					"@executable_path/Frameworks",
				);
				MARKETING_VERSION = 1.2.2;
				PRODUCT_BUNDLE_IDENTIFIER = eu.chaoticvolt.42Decibels.watchkitapp;
				PRODUCT_NAME = "$(TARGET_NAME)";
				SDKROOT = watchos;
				SKIP_INSTALL = YES;
				STRING_CATALOG_GENERATE_SYMBOLS = YES;
				SWIFT_APPROACHABLE_CONCURRENCY = YES;
				SWIFT_DEFAULT_ACTOR_ISOLATION = MainActor;
				SWIFT_EMIT_LOC_STRINGS = YES;
				SWIFT_UPCOMING_FEATURE_MEMBER_IMPORT_VISIBILITY = YES;
				SWIFT_VERSION = 5.0;
				TARGETED_DEVICE_FAMILY = 4;
				WATCHOS_DEPLOYMENT_TARGET = 10.6;
			};
			name = Release;
		};
		00C0C17C2F20DA600013A7C7 /* Debug */ = {
			isa = XCBuildConfiguration;
			buildSettings = {
				ALWAYS_SEARCH_USER_PATHS = NO;
				ASSETCATALOG_COMPILER_GENERATE_SWIFT_ASSET_SYMBOL_EXTENSIONS = YES;
				CLANG_ANALYZER_NONNULL = YES;
				CLANG_ANALYZER_NUMBER_OBJECT_CONVERSION = YES_AGGRESSIVE;
				CLANG_CXX_LANGUAGE_STANDARD = "gnu++20";
				CLANG_ENABLE_MODULES = YES;
				CLANG_ENABLE_OBJC_ARC = YES;
				CLANG_ENABLE_OBJC_WEAK = YES;
				CLANG_WARN_BLOCK_CAPTURE_AUTORELEASING = YES;
				CLANG_WARN_BOOL_CONVERSION = YES;
				CLANG_WARN_COMMA = YES;
				CLANG_WARN_CONSTANT_CONVERSION = YES;
				CLANG_WARN_DEPRECATED_OBJC_IMPLEMENTATIONS = YES;
				CLANG_WARN_DIRECT_OBJC_ISA_USAGE = YES_ERROR;
				CLANG_WARN_DOCUMENTATION_COMMENTS = YES;
				CLANG_WARN_EMPTY_BODY = YES;
				CLANG_WARN_ENUM_CONVERSION = YES;
				CLANG_WARN_INFINITE_RECURSION = YES;
				CLANG_WARN_INT_CONVERSION = YES;
				CLANG_WARN_NON_LITERAL_NULL_CONVERSION = YES;
				CLANG_WARN_OBJC_IMPLICIT_RETAIN_SELF = YES;
				CLANG_WARN_OBJC_LITERAL_CONVERSION = YES;
				CLANG_WARN_OBJC_ROOT_CLASS = YES_ERROR;
				CLANG_WARN_QUOTED_INCLUDE_IN_FRAMEWORK_HEADER = YES;
				CLANG_WARN_RANGE_LOOP_ANALYSIS = YES;
				CLANG_WARN_STRICT_PROTOTYPES = YES;
				CLANG_WARN_SUSPICIOUS_MOVE = YES;
				CLANG_WARN_UNGUARDED_AVAILABILITY = YES_AGGRESSIVE;
				CLANG_WARN_UNREACHABLE_CODE = YES;
				CLANG_WARN__DUPLICATE_METHOD_MATCH = YES;
				COPY_PHASE_STRIP = NO;
				DEBUG_INFORMATION_FORMAT = dwarf;
				DEVELOPMENT_TEAM = GH29Q74PV6;
				ENABLE_STRICT_OBJC_MSGSEND = YES;
				ENABLE_TESTABILITY = YES;
				ENABLE_USER_SCRIPT_SANDBOXING = YES;
				GCC_C_LANGUAGE_STANDARD = gnu17;
				GCC_DYNAMIC_NO_PIC = NO;
				GCC_NO_COMMON_BLOCKS = YES;
				GCC_OPTIMIZATION_LEVEL = 0;
				GCC_PREPROCESSOR_DEFINITIONS = (
					"DEBUG=1",
					"$(inherited)",
				);
				GCC_WARN_64_TO_32_BIT_CONVERSION = YES;
				GCC_WARN_ABOUT_RETURN_TYPE = YES_ERROR;
				GCC_WARN_UNDECLARED_SELECTOR = YES;
				GCC_WARN_UNINITIALIZED_AUTOS = YES_AGGRESSIVE;
				GCC_WARN_UNUSED_FUNCTION = YES;
				GCC_WARN_UNUSED_VARIABLE = YES;
				IPHONEOS_DEPLOYMENT_TARGET = 26.2;
				LOCALIZATION_PREFERS_STRING_CATALOGS = YES;
				MTL_ENABLE_DEBUG_INFO = INCLUDE_SOURCE;
				MTL_FAST_MATH = YES;
				ONLY_ACTIVE_ARCH = YES;
				SDKROOT = iphoneos;
				SWIFT_ACTIVE_COMPILATION_CONDITIONS = "DEBUG $(inherited)";
				SWIFT_OPTIMIZATION_LEVEL = "-Onone";
			};
			name = Debug;
		};
		00C0C17D2F20DA600013A7C7 /* Release */ = {
			isa = XCBuildConfiguration;
			buildSettings = {
				ALWAYS_SEARCH_USER_PATHS = NO;
				ASSETCATALOG_COMPILER_GENERATE_SWIFT_ASSET_SYMBOL_EXTENSIONS = YES;
				CLANG_ANALYZER_NONNULL = YES;
				CLANG_ANALYZER_NUMBER_OBJECT_CONVERSION = YES_AGGRESSIVE;
				CLANG_CXX_LANGUAGE_STANDARD = "gnu++20";
				CLANG_ENABLE_MODULES = YES;
				CLANG_ENABLE_OBJC_ARC = YES;
				CLANG_ENABLE_OBJC_WEAK = YES;
				CLANG_WARN_BLOCK_CAPTURE_AUTORELEASING = YES;
				CLANG_WARN_BOOL_CONVERSION = YES;
				CLANG_WARN_COMMA = YES;
				CLANG_WARN_CONSTANT_CONVERSION = YES;
				CLANG_WARN_DEPRECATED_OBJC_IMPLEMENTATIONS = YES;
				CLANG_WARN_DIRECT_OBJC_ISA_USAGE = YES_ERROR;
				CLANG_WARN_DOCUMENTATION_COMMENTS = YES;
				CLANG_WARN_EMPTY_BODY = YES;
				CLANG_WARN_ENUM_CONVERSION = YES;
				CLANG_WARN_INFINITE_RECURSION = YES;
				CLANG_WARN_INT_CONVERSION = YES;
				CLANG_WARN_NON_LITERAL_NULL_CONVERSION = YES;
				CLANG_WARN_OBJC_IMPLICIT_RETAIN_SELF = YES;
				CLANG_WARN_OBJC_LITERAL_CONVERSION = YES;
				CLANG_WARN_OBJC_ROOT_CLASS = YES_ERROR;
				CLANG_WARN_QUOTED_INCLUDE_IN_FRAMEWORK_HEADER = YES;
				CLANG_WARN_RANGE_LOOP_ANALYSIS = YES;
				CLANG_WARN_STRICT_PROTOTYPES = YES;
				CLANG_WARN_SUSPICIOUS_MOVE = YES;
				CLANG_WARN_UNGUARDED_AVAILABILITY = YES_AGGRESSIVE;
				CLANG_WARN_UNREACHABLE_CODE = YES;
				CLANG_WARN__DUPLICATE_METHOD_MATCH = YES;
				COPY_PHASE_STRIP = NO;
				DEBUG_INFORMATION_FORMAT = "dwarf-with-dsym";
				DEVELOPMENT_TEAM = GH29Q74PV6;
				ENABLE_NS_ASSERTIONS = NO;
				ENABLE_STRICT_OBJC_MSGSEND = YES;
				ENABLE_USER_SCRIPT_SANDBOXING = YES;
				GCC_C_LANGUAGE_STANDARD = gnu17;
				GCC_NO_COMMON_BLOCKS = YES;
				GCC_WARN_64_TO_32_BIT_CONVERSION = YES;
				GCC_WARN_ABOUT_RETURN_TYPE = YES_ERROR;
				GCC_WARN_UNDECLARED_SELECTOR = YES;
				GCC_WARN_UNINITIALIZED_AUTOS = YES_AGGRESSIVE;
				GCC_WARN_UNUSED_FUNCTION = YES;
				GCC_WARN_UNUSED_VARIABLE = YES;
				IPHONEOS_DEPLOYMENT_TARGET = 26.2;
				LOCALIZATION_PREFERS_STRING_CATALOGS = YES;
				MTL_ENABLE_DEBUG_INFO = NO;
				MTL_FAST_MATH = YES;
				SDKROOT = iphoneos;
				SWIFT_COMPILATION_MODE = wholemodule;
				VALIDATE_PRODUCT = YES;
			};
			name = Release;
		};
		00C0C17F2F20DA600013A7C7 /* Debug */ = {
			isa = XCBuildConfiguration;
			buildSettings = {
				ASSETCATALOG_COMPILER_APPICON_NAME = AppIcon;
				ASSETCATALOG_COMPILER_GLOBAL_ACCENT_COLOR_NAME = AccentColor;
				CODE_SIGN_ENTITLEMENTS = "42 Decibels/42 Decibels.entitlements";
				CODE_SIGN_IDENTITY = "Apple Development";
				CODE_SIGN_STYLE = Automatic;
				CURRENT_PROJECT_VERSION = 4;
				DEVELOPMENT_TEAM = GH29Q74PV6;
				ENABLE_PREVIEWS = YES;
				GENERATE_INFOPLIST_FILE = YES;
				INFOPLIST_FILE = "-2-Decibels-Info.plist";
				INFOPLIST_KEY_CFBundleDisplayName = "";
				INFOPLIST_KEY_LSApplicationCategoryType = "public.app-category.music";
				INFOPLIST_KEY_NSBluetoothAlwaysUsageDescription = "\"Just your speaker. Probably not an alien device. Probably.\"";
				INFOPLIST_KEY_UIApplicationSceneManifest_Generation = YES;
				INFOPLIST_KEY_UIApplicationSupportsIndirectInputEvents = YES;
				INFOPLIST_KEY_UILaunchScreen_Generation = YES;
				INFOPLIST_KEY_UISupportedInterfaceOrientations_iPad = "UIInterfaceOrientationPortrait UIInterfaceOrientationPortraitUpsideDown UIInterfaceOrientationLandscapeLeft UIInterfaceOrientationLandscapeRight";
				INFOPLIST_KEY_UISupportedInterfaceOrientations_iPhone = "UIInterfaceOrientationPortrait UIInterfaceOrientationLandscapeLeft UIInterfaceOrientationLandscapeRight";
				IPHONEOS_DEPLOYMENT_TARGET = 17.6;
				LD_RUNPATH_SEARCH_PATHS = (
					"$(inherited)",
					"@executable_path/Frameworks",
				);
				MARKETING_VERSION = 1.2.2;
				NEW_SETTING = "";
				PRODUCT_BUNDLE_IDENTIFIER = eu.chaoticvolt.42Decibels;
				PRODUCT_NAME = "$(TARGET_NAME)";
				PROVISIONING_PROFILE_SPECIFIER = "";
				STRING_CATALOG_GENERATE_SYMBOLS = YES;
				SUPPORTED_PLATFORMS = "iphoneos iphonesimulator";
				SUPPORTS_MACCATALYST = NO;
				SUPPORTS_MAC_DESIGNED_FOR_IPHONE_IPAD = NO;
				SUPPORTS_XR_DESIGNED_FOR_IPHONE_IPAD = NO;
				SWIFT_APPROACHABLE_CONCURRENCY = YES;
				SWIFT_DEFAULT_ACTOR_ISOLATION = MainActor;
				SWIFT_EMIT_LOC_STRINGS = YES;
				SWIFT_UPCOMING_FEATURE_MEMBER_IMPORT_VISIBILITY = YES;
				SWIFT_VERSION = 5.0;
				TARGETED_DEVICE_FAMILY = "1,2";
			};
			name = Debug;
		};
		00C0C1802F20DA600013A7C7 /* Release */ = {
			isa = XCBuildConfiguration;
			buildSettings = {
				ASSETCATALOG_COMPILER_APPICON_NAME = AppIcon;
				ASSETCATALOG_COMPILER_GLOBAL_ACCENT_COLOR_NAME = AccentColor;
				CODE_SIGN_ENTITLEMENTS = "42 Decibels/42 Decibels.entitlements";
				CODE_SIGN_IDENTITY = "Apple Development";
				CODE_SIGN_STYLE = Automatic;
				CURRENT_PROJECT_VERSION = 4;
				DEVELOPMENT_TEAM = GH29Q74PV6;
				ENABLE_PREVIEWS = YES;
				GENERATE_INFOPLIST_FILE = YES;
				INFOPLIST_FILE = "-2-Decibels-Info.plist";
				INFOPLIST_KEY_CFBundleDisplayName = "";
				INFOPLIST_KEY_LSApplicationCategoryType = "public.app-category.music";
				INFOPLIST_KEY_NSBluetoothAlwaysUsageDescription = "\"Just your speaker. Probably not an alien device. Probably.\"";
				INFOPLIST_KEY_UIApplicationSceneManifest_Generation = YES;
				INFOPLIST_KEY_UIApplicationSupportsIndirectInputEvents = YES;
				INFOPLIST_KEY_UILaunchScreen_Generation = YES;
				INFOPLIST_KEY_UISupportedInterfaceOrientations_iPad = "UIInterfaceOrientationPortrait UIInterfaceOrientationPortraitUpsideDown UIInterfaceOrientationLandscapeLeft UIInterfaceOrientationLandscapeRight";
				INFOPLIST_KEY_UISupportedInterfaceOrientations_iPhone = "UIInterfaceOrientationPortrait UIInterfaceOrientationLandscapeLeft UIInterfaceOrientationLandscapeRight";
				IPHONEOS_DEPLOYMENT_TARGET = 17.6;
				LD_RUNPATH_SEARCH_PATHS = (
					"$(inherited)",
					"@executable_path/Frameworks",
				);
				MARKETING_VERSION = 1.2.2;
				NEW_SETTING = "";
				PRODUCT_BUNDLE_IDENTIFIER = eu.chaoticvolt.42Decibels;
				PRODUCT_NAME = "$(TARGET_NAME)";
				PROVISIONING_PROFILE_SPECIFIER = "";
				STRING_CATALOG_GENERATE_SYMBOLS = YES;
				SUPPORTED_PLATFORMS = "iphoneos iphonesimulator";
				SUPPORTS_MACCATALYST = NO;
				SUPPORTS_MAC_DESIGNED_FOR_IPHONE_IPAD = NO;
				SUPPORTS_XR_DESIGNED_FOR_IPHONE_IPAD = NO;
				SWIFT_APPROACHABLE_CONCURRENCY = YES;
				SWIFT_DEFAULT_ACTOR_ISOLATION = MainActor;
				SWIFT_EMIT_LOC_STRINGS = YES;
				SWIFT_UPCOMING_FEATURE_MEMBER_IMPORT_VISIBILITY = YES;
				SWIFT_VERSION = 5.0;
				TARGETED_DEVICE_FAMILY = "1,2";
			};
			name = Release;
		};
/* End XCBuildConfiguration section */

/* Begin XCConfigurationList section */
		003C16D62F262A1B00AFA4EE /* Build configuration list for PBXNativeTarget "42 Decibels Watch App Watch App" */ = {
			isa = XCConfigurationList;
			buildConfigurations = (
				003C16D72F262A1B00AFA4EE /* Debug */,
				003C16D82F262A1B00AFA4EE /* Release */,
			);
			defaultConfigurationIsVisible = 0;
			defaultConfigurationName = Release;
		};
		00C0C16E2F20DA5F0013A7C7 /* Build configuration list for PBXProject "42 Decibels" */ = {
			isa = XCConfigurationList;
			buildConfigurations = (
				00C0C17C2F20DA600013A7C7 /* Debug */,
				00C0C17D2F20DA600013A7C7 /* Release */,
			);
			defaultConfigurationIsVisible = 0;
			defaultConfigurationName = Release;
		};
		00C0C17E2F20DA600013A7C7 /* Build configuration list for PBXNativeTarget "42 Decibels" */ = {
			isa = XCConfigurationList;
			buildConfigurations = (
				00C0C17F2F20DA600013A7C7 /* Debug */,
				00C0C1802F20DA600013A7C7 /* Release */,
			);
			defaultConfigurationIsVisible = 0;
			defaultConfigurationName = Release;
		};
/* End XCConfigurationList section */
	};
	rootObject = 00C0C16B2F20DA5F0013A7C7 /* Project object */;
}
